{
    "_meta": {
        "hash": {
            "sha256": "ea8f2b09abf639a4c187050360423c5fdc963874b1d16fbd6adcf1916f4726af"
        },
        "pipfile-spec": 6,
        "requires": {
            "python_version": "3.7"
        },
        "sources": [
            {
                "name": "pypi",
                "url": "https://pypi.org/simple",
                "verify_ssl": true
            }
        ]
    },
    "default": {
        "pyatmo": {
            "git": "https://github.com/085astatine/pyatmo.git",
            "ref": "50d0c5fe9dc92851eeae31633b78d05337b30a5a"
        },
        "slackbot": {
            "git": "https://github.com/085astatine/slackbot.git",
            "ref": "f24a28f45becea82d306cbff868fd27fc2fb6930"
        }
    },
    "develop": {}
}
